{
    "_readme": [
        "This file locks the dependencies of your project to a known state",
        "Read more about it at https://getcomposer.org/doc/01-basic-usage.md#installing-dependencies",
        "This file is @generated automatically"
    ],
    "content-hash": "53598f5d158c02519224f81994576c50",
    "packages": [
        {
            "name": "composer/installers",
            "version": "1.x-dev",
            "source": {
                "type": "git",
                "url": "https://github.com/composer/installers.git",
                "reference": "d20a64ed3c94748397ff5973488761b22f6d3f19"
            },
            "dist": {
                "type": "zip",
                "url": "https://api.github.com/repos/composer/installers/zipball/d20a64ed3c94748397ff5973488761b22f6d3f19",
                "reference": "d20a64ed3c94748397ff5973488761b22f6d3f19",
                "shasum": ""
            },
            "require": {
                "composer-plugin-api": "^1.0 || ^2.0"
            },
            "replace": {
                "roundcube/plugin-installer": "*",
                "shama/baton": "*"
            },
            "require-dev": {
                "composer/composer": "1.6.* || ^2.0",
                "composer/semver": "^1 || ^3",
                "phpstan/phpstan": "^0.12.55",
                "phpstan/phpstan-phpunit": "^0.12.16",
                "symfony/phpunit-bridge": "^4.2 || ^5",
                "symfony/process": "^2.3"
            },
            "type": "composer-plugin",
            "extra": {
                "class": "Composer\\Installers\\Plugin",
                "branch-alias": {
                    "dev-main": "1.x-dev"
                }
            },
            "autoload": {
                "psr-4": {
                    "Composer\\Installers\\": "src/Composer/Installers"
                }
            },
            "notification-url": "https://packagist.org/downloads/",
            "license": [
                "MIT"
            ],
            "authors": [
                {
                    "name": "Kyle Robinson Young",
                    "email": "kyle@dontkry.com",
                    "homepage": "https://github.com/shama"
                }
            ],
            "description": "A multi-framework Composer library installer",
            "homepage": "https://composer.github.io/installers/",
            "keywords": [
                "Craft",
                "Dolibarr",
                "Eliasis",
                "Hurad",
                "ImageCMS",
                "Kanboard",
                "Lan Management System",
                "MODX Evo",
                "MantisBT",
                "Mautic",
                "Maya",
                "OXID",
                "Plentymarkets",
                "Porto",
                "RadPHP",
                "SMF",
                "Starbug",
                "Thelia",
                "Whmcs",
                "WolfCMS",
                "agl",
                "aimeos",
                "annotatecms",
                "attogram",
                "bitrix",
                "cakephp",
                "chef",
                "cockpit",
                "codeigniter",
                "concrete5",
                "croogo",
                "dokuwiki",
                "drupal",
                "eZ Platform",
                "elgg",
                "expressionengine",
                "fuelphp",
                "grav",
                "installer",
                "itop",
                "joomla",
                "known",
                "kohana",
                "laravel",
                "lavalite",
                "lithium",
                "magento",
                "majima",
                "mako",
                "mediawiki",
                "miaoxing",
                "modulework",
                "modx",
                "moodle",
                "osclass",
                "pantheon",
                "phpbb",
                "piwik",
                "ppi",
                "processwire",
                "puppet",
                "pxcms",
                "reindex",
                "roundcube",
                "shopware",
                "silverstripe",
                "sydes",
                "sylius",
                "symfony",
                "tastyigniter",
                "typo3",
                "wordpress",
                "yawik",
                "zend",
                "zikula"
            ],
            "support": {
                "issues": "https://github.com/composer/installers/issues",
                "source": "https://github.com/composer/installers/tree/v1.12.0"
            },
            "funding": [
                {
                    "url": "https://packagist.com",
                    "type": "custom"
                },
                {
                    "url": "https://github.com/composer",
                    "type": "github"
                },
                {
                    "url": "https://tidelift.com/funding/github/packagist/composer/composer",
                    "type": "tidelift"
                }
            ],
            "time": "2021-09-13T08:19:44+00:00"
        },
        {
            "name": "mustache/mustache",
            "version": "v2.14.1",
            "source": {
                "type": "git",
                "url": "https://github.com/bobthecow/mustache.php.git",
                "reference": "579ffa5c96e1d292c060b3dd62811ff01ad8c24e"
            },
            "dist": {
                "type": "zip",
                "url": "https://api.github.com/repos/bobthecow/mustache.php/zipball/579ffa5c96e1d292c060b3dd62811ff01ad8c24e",
                "reference": "579ffa5c96e1d292c060b3dd62811ff01ad8c24e",
                "shasum": ""
            },
            "require": {
                "php": ">=5.2.4"
            },
            "require-dev": {
                "friendsofphp/php-cs-fixer": "~1.11",
                "phpunit/phpunit": "~3.7|~4.0|~5.0"
            },
            "type": "library",
            "autoload": {
                "psr-0": {
                    "Mustache": "src/"
                }
            },
            "notification-url": "https://packagist.org/downloads/",
            "license": [
                "MIT"
            ],
            "authors": [
                {
                    "name": "Justin Hileman",
                    "email": "justin@justinhileman.info",
                    "homepage": "http://justinhileman.com"
                }
            ],
            "description": "A Mustache implementation in PHP.",
            "homepage": "https://github.com/bobthecow/mustache.php",
            "keywords": [
                "mustache",
                "templating"
            ],
            "support": {
                "issues": "https://github.com/bobthecow/mustache.php/issues",
                "source": "https://github.com/bobthecow/mustache.php/tree/v2.14.1"
            },
            "time": "2022-01-21T06:08:36+00:00"
        },
        {
            "name": "scribu/lib-posts-to-posts",
            "version": "dev-master",
            "source": {
                "type": "git",
                "url": "https://github.com/scribu/wp-lib-posts-to-posts.git",
                "reference": "a695438e455587fa228e993d05b4431cde99af1b"
            },
            "dist": {
                "type": "zip",
                "url": "https://api.github.com/repos/scribu/wp-lib-posts-to-posts/zipball/a695438e455587fa228e993d05b4431cde99af1b",
                "reference": "a695438e455587fa228e993d05b4431cde99af1b",
                "shasum": ""
            },
            "require": {
                "scribu/scb-framework": "dev-master"
            },
            "default-branch": true,
            "type": "library",
            "autoload": {
                "files": [
                    "autoload.php"
                ]
            },
            "license": [
                "GPL-2.0+"
            ],
            "description": "A library for many-to-many relationships in WordPress",
            "homepage": "https://github.com/scribu/wp-lib-posts-to-posts",
            "support": {
                "source": "https://github.com/scribu/wp-lib-posts-to-posts/tree/master"
            },
            "time": "2016-02-15T12:08:59+00:00"
        },
        {
            "name": "scribu/scb-framework",
            "version": "dev-master",
            "source": {
                "type": "git",
                "url": "https://github.com/scribu/wp-scb-framework.git",
                "reference": "d35d5126c6d323711dd14b9d97aaa927eaaba123"
            },
            "dist": {
                "type": "zip",
                "url": "https://api.github.com/repos/scribu/wp-scb-framework/zipball/d35d5126c6d323711dd14b9d97aaa927eaaba123",
                "reference": "d35d5126c6d323711dd14b9d97aaa927eaaba123",
                "shasum": ""
            },
            "default-branch": true,
            "type": "library",
            "autoload": {
                "classmap": [
                    "."
                ],
                "files": [
                    "load-composer.php",
                    "Util.php"
                ]
            },
            "notification-url": "https://packagist.org/downloads/",
            "license": [
                "GPL-3.0+"
            ],
            "authors": [
                {
                    "name": "Cristi Burcă",
                    "homepage": "http://scribu.net/"
                }
            ],
            "description": "A set of useful classes for faster plugin development",
            "homepage": "https://github.com/scribu/wp-scb-framework",
            "keywords": [
                "wordpress"
            ],
            "support": {
                "issues": "https://github.com/scribu/wp-scb-framework/issues",
                "source": "https://github.com/scribu/wp-scb-framework",
                "wiki": "https://github.com/scribu/wp-scb-framework/wiki"
            },
            "time": "2020-03-15T20:51:58+00:00"
        }
    ],
    "packages-dev": [],
    "aliases": [],
    "minimum-stability": "dev",
    "stability-flags": {
        "scribu/lib-posts-to-posts": 20
    },
    "prefer-stable": false,
    "prefer-lowest": false,
    "platform": [],
    "platform-dev": [],
    "plugin-api-version": "2.1.0"
}
