{
    "_readme": [
        "This file locks the dependencies of your project to a known state",
        "Read more about it at https://getcomposer.org/doc/01-basic-usage.md#composer-lock-the-lock-file",
        "This file is @generated automatically"
    ],
    "hash": "8f74c4809c15b7242bbc0af3abd9be8c",
    "content-hash": "890f94502537419ad4bc49ec48920fe8",
    "packages": [
        {
            "name": "composer/installers",
            "version": "dev-master",
            "source": {
                "type": "git",
                "url": "https://github.com/composer/installers.git",
                "reference": "e420b539e8d7b38b7c6f3f99dccc0386bd3dfe41"
            },
            "dist": {
                "type": "zip",
                "url": "https://api.github.com/repos/composer/installers/zipball/e420b539e8d7b38b7c6f3f99dccc0386bd3dfe41",
                "reference": "e420b539e8d7b38b7c6f3f99dccc0386bd3dfe41",
                "shasum": ""
            },
            "replace": {
                "roundcube/plugin-installer": "*",
                "shama/baton": "*"
            },
            "require-dev": {
                "composer/composer": "1.0.*@dev",
                "phpunit/phpunit": "4.1.*"
            },
            "type": "composer-installer",
            "extra": {
                "class": "Composer\\Installers\\Installer",
                "branch-alias": {
                    "dev-master": "1.0-dev"
                }
            },
            "autoload": {
                "psr-0": {
                    "Composer\\Installers\\": "src/"
                }
            },
            "notification-url": "https://packagist.org/downloads/",
            "license": [
                "MIT"
            ],
            "authors": [
                {
                    "name": "Kyle Robinson Young",
                    "email": "kyle@dontkry.com",
                    "homepage": "https://github.com/shama"
                }
            ],
            "description": "A multi-framework Composer library installer",
            "homepage": "http://composer.github.com/installers/",
            "keywords": [
                "Craft",
                "Dolibarr",
                "Hurad",
                "MODX Evo",
                "OXID",
                "SMF",
                "Thelia",
                "WolfCMS",
                "agl",
                "aimeos",
                "annotatecms",
                "bitrix",
                "cakephp",
                "chef",
                "codeigniter",
                "concrete5",
                "croogo",
                "dokuwiki",
                "drupal",
                "elgg",
                "fuelphp",
                "grav",
                "installer",
                "joomla",
                "kohana",
                "laravel",
                "lithium",
                "magento",
                "mako",
                "mediawiki",
                "modulework",
                "moodle",
                "phpbb",
                "piwik",
                "ppi",
                "puppet",
                "roundcube",
                "shopware",
                "silverstripe",
                "symfony",
                "typo3",
                "wordpress",
                "zend",
                "zikula"
            ],
            "time": "2015-06-13 15:30:38"
        },
        {
            "name": "mustache/mustache",
            "version": "v2.9.0",
            "source": {
                "type": "git",
                "url": "https://github.com/bobthecow/mustache.php.git",
                "reference": "c745b01956caf27d26b55a72a90aff56bc169cd6"
            },
            "dist": {
                "type": "zip",
                "url": "https://api.github.com/repos/bobthecow/mustache.php/zipball/c745b01956caf27d26b55a72a90aff56bc169cd6",
                "reference": "c745b01956caf27d26b55a72a90aff56bc169cd6",
                "shasum": ""
            },
            "require": {
                "php": ">=5.2.4"
            },
            "require-dev": {
                "fabpot/php-cs-fixer": "~1.6",
                "phpunit/phpunit": "~3.7|~4.0"
            },
            "type": "library",
            "autoload": {
                "psr-0": {
                    "Mustache": "src/"
                }
            },
            "notification-url": "https://packagist.org/downloads/",
            "license": [
                "MIT"
            ],
            "authors": [
                {
                    "name": "Justin Hileman",
                    "email": "justin@justinhileman.info",
                    "homepage": "http://justinhileman.com"
                }
            ],
            "description": "A Mustache implementation in PHP.",
            "homepage": "https://github.com/bobthecow/mustache.php",
            "keywords": [
                "mustache",
                "templating"
            ],
            "time": "2015-08-15 19:23:13"
        },
        {
            "name": "scribu/lib-posts-to-posts",
            "version": "dev-master",
            "source": {
                "type": "git",
                "url": "https://github.com/scribu/wp-lib-posts-to-posts.git",
                "reference": "baefe121458b5d4d333b29e0c0b8cb8fad0fa4a2"
            },
            "dist": {
                "type": "zip",
                "url": "https://api.github.com/repos/scribu/wp-lib-posts-to-posts/zipball/baefe121458b5d4d333b29e0c0b8cb8fad0fa4a2",
                "reference": "baefe121458b5d4d333b29e0c0b8cb8fad0fa4a2",
                "shasum": ""
            },
            "require": {
                "scribu/scb-framework": "dev-master"
            },
            "type": "library",
            "autoload": {
                "files": [
                    "autoload.php"
                ]
            },
            "license": [
                "GPL-2.0+"
            ],
            "description": "A library for many-to-many relationships in WordPress",
            "homepage": "https://github.com/scribu/wp-lib-posts-to-posts",
            "support": {
                "source": "https://github.com/scribu/wp-lib-posts-to-posts/tree/master"
            },
            "time": "2015-08-19 09:04:19"
        },
        {
            "name": "scribu/scb-framework",
            "version": "dev-master",
            "source": {
                "type": "git",
                "url": "https://github.com/scribu/wp-scb-framework.git",
                "reference": "e766eda522230858d1c6a3928d3b12da643cb690"
            },
            "dist": {
                "type": "zip",
                "url": "https://api.github.com/repos/scribu/wp-scb-framework/zipball/e766eda522230858d1c6a3928d3b12da643cb690",
                "reference": "e766eda522230858d1c6a3928d3b12da643cb690",
                "shasum": ""
            },
            "type": "library",
            "autoload": {
                "classmap": [
                    "."
                ],
                "files": [
                    "load-composer.php",
                    "Util.php"
                ]
            },
            "notification-url": "https://packagist.org/downloads/",
            "license": [
                "GPL-3.0+"
            ],
            "authors": [
                {
                    "name": "Cristi Burcă",
                    "homepage": "http://scribu.net/"
                }
            ],
            "description": "A set of useful classes for faster plugin development",
            "homepage": "https://github.com/scribu/wp-scb-framework",
            "keywords": [
                "wordpress"
            ],
            "time": "2015-05-11 17:14:48"
        }
    ],
    "packages-dev": [],
    "aliases": [],
    "minimum-stability": "dev",
    "stability-flags": {
        "scribu/lib-posts-to-posts": 20
    },
    "prefer-stable": false,
    "prefer-lowest": false,
    "platform": [],
    "platform-dev": []
}
